
Microsoft Visual Studio Solution File, Format Version 12.00
# Visual Studio 14
VisualStudioVersion = 14.0.25420.1
MinimumVisualStudioVersion = 10.0.40219.1
Project("{FAE04EC0-301F-11D3-BF4B-00C04F79EFBC}") = "BookShop.Common", "BookShop.Common\BookShop.Common.csproj", "{CDDBE20A-CD68-4EF7-88EB-4970A7C76B63}"
EndProject
Project("{FAE04EC0-301F-11D3-BF4B-00C04F79EFBC}") = "BookShop.Model", "BookShop.Model\BookShop.Model.csproj", "{214A01FB-E608-42C3-9932-E55B3C4920A0}"
EndProject
Project("{FAE04EC0-301F-11D3-BF4B-00C04F79EFBC}") = "BookShop.Data", "BookShop.Data\BookShop.Data.csproj", "{B0CA454D-6459-4BA2-909D-81529EEF10F3}"
EndProject
Project("{FAE04EC0-301F-11D3-BF4B-00C04F79EFBC}") = "BookShop.Service", "BookShop.Service\BookShop.Service.csproj", "{CA8C289B-674D-4AE7-BF97-23795F3A0316}"
EndProject
Project("{FAE04EC0-301F-11D3-BF4B-00C04F79EFBC}") = "BookShop.UnitTest", "BookShop.UnitTest\BookShop.UnitTest.csproj", "{D4B3B144-B078-439D-86A2-815F53A45F97}"
EndProject
Project("{FAE04EC0-301F-11D3-BF4B-00C04F79EFBC}") = "BookShop.Web", "BookShop.Web\BookShop.Web.csproj", "{70AC9A56-71E2-40C6-8EE9-64E2C06F806D}"
EndProject
Global
	GlobalSection(SolutionConfigurationPlatforms) = preSolution
		Debug|Any CPU = Debug|Any CPU
		Release|Any CPU = Release|Any CPU
	EndGlobalSection
	GlobalSection(ProjectConfigurationPlatforms) = postSolution
		{CDDBE20A-CD68-4EF7-88EB-4970A7C76B63}.Debug|Any CPU.ActiveCfg = Debug|Any CPU
		{CDDBE20A-CD68-4EF7-88EB-4970A7C76B63}.Debug|Any CPU.Build.0 = Debug|Any CPU
		{CDDBE20A-CD68-4EF7-88EB-4970A7C76B63}.Release|Any CPU.ActiveCfg = Release|Any CPU
		{CDDBE20A-CD68-4EF7-88EB-4970A7C76B63}.Release|Any CPU.Build.0 = Release|Any CPU
		{214A01FB-E608-42C3-9932-E55B3C4920A0}.Debug|Any CPU.ActiveCfg = Debug|Any CPU
		{214A01FB-E608-42C3-9932-E55B3C4920A0}.Debug|Any CPU.Build.0 = Debug|Any CPU
		{214A01FB-E608-42C3-9932-E55B3C4920A0}.Release|Any CPU.ActiveCfg = Release|Any CPU
		{214A01FB-E608-42C3-9932-E55B3C4920A0}.Release|Any CPU.Build.0 = Release|Any CPU
		{B0CA454D-6459-4BA2-909D-81529EEF10F3}.Debug|Any CPU.ActiveCfg = Debug|Any CPU
		{B0CA454D-6459-4BA2-909D-81529EEF10F3}.Debug|Any CPU.Build.0 = Debug|Any CPU
		{B0CA454D-6459-4BA2-909D-81529EEF10F3}.Release|Any CPU.ActiveCfg = Release|Any CPU
		{B0CA454D-6459-4BA2-909D-81529EEF10F3}.Release|Any CPU.Build.0 = Release|Any CPU
		{CA8C289B-674D-4AE7-BF97-23795F3A0316}.Debug|Any CPU.ActiveCfg = Debug|Any CPU
		{CA8C289B-674D-4AE7-BF97-23795F3A0316}.Debug|Any CPU.Build.0 = Debug|Any CPU
		{CA8C289B-674D-4AE7-BF97-23795F3A0316}.Release|Any CPU.ActiveCfg = Release|Any CPU
		{CA8C289B-674D-4AE7-BF97-23795F3A0316}.Release|Any CPU.Build.0 = Release|Any CPU
		{D4B3B144-B078-439D-86A2-815F53A45F97}.Debug|Any CPU.ActiveCfg = Debug|Any CPU
		{D4B3B144-B078-439D-86A2-815F53A45F97}.Debug|Any CPU.Build.0 = Debug|Any CPU
		{D4B3B144-B078-439D-86A2-815F53A45F97}.Release|Any CPU.ActiveCfg = Release|Any CPU
		{D4B3B144-B078-439D-86A2-815F53A45F97}.Release|Any CPU.Build.0 = Release|Any CPU
		{70AC9A56-71E2-40C6-8EE9-64E2C06F806D}.Debug|Any CPU.ActiveCfg = Debug|Any CPU
		{70AC9A56-71E2-40C6-8EE9-64E2C06F806D}.Debug|Any CPU.Build.0 = Debug|Any CPU
		{70AC9A56-71E2-40C6-8EE9-64E2C06F806D}.Release|Any CPU.ActiveCfg = Release|Any CPU
		{70AC9A56-71E2-40C6-8EE9-64E2C06F806D}.Release|Any CPU.Build.0 = Release|Any CPU
	EndGlobalSection
	GlobalSection(SolutionProperties) = preSolution
		HideSolutionNode = FALSE
	EndGlobalSection
EndGlobal
